{
  "version": 4,
  "terraform_version": "1.2.6",
  "serial": 305,
  "lineage": "7bcccb41-929f-2caf-89d0-2d25d036188a",
  "outputs": {
    "MY_IP": {
      "value": "77.239.18.216",
      "type": "string"
    }
  },
  "resources": [
    {
      "mode": "data",
      "type": "http",
      "name": "my_public_ip",
      "provider": "provider[\"registry.terraform.io/hashicorp/http\"]",
      "instances": [
        {
          "schema_version": 0,
          "attributes": {
            "body": "{\n  \"ip\": \"77.239.18.216\",\n  \"ip_decimal\": 1307513560,\n  \"country\": \"Bosnia and Herzegovina\",\n  \"country_iso\": \"BA\",\n  \"country_eu\": false,\n  \"region_name\": \"Federation of B\\u0026H\",\n  \"region_code\": \"BIH\",\n  \"city\": \"Sarajevo\",\n  \"latitude\": 43.847,\n  \"longitude\": 18.3856,\n  \"time_zone\": \"Europe/Sarajevo\",\n  \"asn\": \"AS42560\",\n  \"asn_org\": \"Telemach d.o.o. Sarajevo\",\n  \"hostname\": \"cable-77-239-0-216.dynamic.telemach.ba\",\n  \"user_agent\": {\n    \"product\": \"Go-http-client\",\n    \"version\": \"2.0\",\n    \"raw_value\": \"Go-http-client/2.0\"\n  }\n}",
            "id": "https://ifconfig.co/json",
            "method": null,
            "request_body": null,
            "request_headers": {
              "Accept": "application/json"
            },
            "response_body": "{\n  \"ip\": \"77.239.18.216\",\n  \"ip_decimal\": 1307513560,\n  \"country\": \"Bosnia and Herzegovina\",\n  \"country_iso\": \"BA\",\n  \"country_eu\": false,\n  \"region_name\": \"Federation of B\\u0026H\",\n  \"region_code\": \"BIH\",\n  \"city\": \"Sarajevo\",\n  \"latitude\": 43.847,\n  \"longitude\": 18.3856,\n  \"time_zone\": \"Europe/Sarajevo\",\n  \"asn\": \"AS42560\",\n  \"asn_org\": \"Telemach d.o.o. Sarajevo\",\n  \"hostname\": \"cable-77-239-0-216.dynamic.telemach.ba\",\n  \"user_agent\": {\n    \"product\": \"Go-http-client\",\n    \"version\": \"2.0\",\n    \"raw_value\": \"Go-http-client/2.0\"\n  }\n}",
            "response_headers": {
              "Alt-Svc": "h3=\":443\"; ma=86400, h3-29=\":443\"; ma=86400",
              "Cf-Cache-Status": "DYNAMIC",
              "Cf-Ray": "748731a368bc38ba-VIE",
              "Content-Type": "application/json",
              "Date": "Sat, 10 Sep 2022 09:38:59 GMT",
              "Nel": "{\"success_fraction\":0,\"report_to\":\"cf-nel\",\"max_age\":604800}",
              "Report-To": "{\"endpoints\":[{\"url\":\"https:\\/\\/a.nel.cloudflare.com\\/report\\/v3?s=DdlkfGh05IKDtvO7%2FTahRAdi2XQKhj42uThzqD9BKTbjEU0p%2FQLhUdEQhGWKlD3wcTk8KBXnt5WsRXvsAFJFJDIuMKYWA9rQvPwNQiom3JgtMpTvPCIQELLRSJwkAg%3D%3D\"}],\"group\":\"cf-nel\",\"max_age\":604800}",
              "Server": "cloudflare"
            },
            "status_code": 200,
            "url": "https://ifconfig.co/json"
          },
          "sensitive_attributes": []
        }
      ]
    },
    {
      "mode": "managed",
      "type": "aws_instance",
      "name": "aegon-vm",
      "provider": "provider[\"registry.terraform.io/hashicorp/aws\"]",
      "instances": [
        {
          "schema_version": 1,
          "attributes": {
            "ami": "ami-09e2d756e7d78558d",
            "arn": "arn:aws:ec2:eu-west-1:869918154786:instance/i-094d823af0e17e028",
            "associate_public_ip_address": true,
            "availability_zone": "eu-west-1a",
            "capacity_reservation_specification": [
              {
                "capacity_reservation_preference": "open",
                "capacity_reservation_target": []
              }
            ],
            "cpu_core_count": 1,
            "cpu_threads_per_core": 1,
            "credit_specification": [
              {
                "cpu_credits": "standard"
              }
            ],
            "disable_api_stop": false,
            "disable_api_termination": false,
            "ebs_block_device": [],
            "ebs_optimized": false,
            "enclave_options": [
              {
                "enabled": false
              }
            ],
            "ephemeral_block_device": [],
            "get_password_data": false,
            "hibernation": false,
            "host_id": null,
            "host_resource_group_arn": null,
            "iam_instance_profile": "",
            "id": "i-094d823af0e17e028",
            "instance_initiated_shutdown_behavior": "stop",
            "instance_state": "running",
            "instance_type": "t2.micro",
            "ipv6_address_count": 0,
            "ipv6_addresses": [],
            "key_name": "application-ssh",
            "launch_template": [],
            "maintenance_options": [
              {
                "auto_recovery": "default"
              }
            ],
            "metadata_options": [
              {
                "http_endpoint": "enabled",
                "http_put_response_hop_limit": 1,
                "http_tokens": "optional",
                "instance_metadata_tags": "disabled"
              }
            ],
            "monitoring": false,
            "network_interface": [],
            "outpost_arn": "",
            "password_data": "",
            "placement_group": "",
            "placement_partition_number": null,
            "primary_network_interface_id": "eni-02085afe6db2b56d4",
            "private_dns": "ip-10-0-1-183.eu-west-1.compute.internal",
            "private_dns_name_options": [
              {
                "enable_resource_name_dns_a_record": false,
                "enable_resource_name_dns_aaaa_record": false,
                "hostname_type": "ip-name"
              }
            ],
            "private_ip": "10.0.1.183",
            "public_dns": "",
            "public_ip": "34.242.135.248",
            "root_block_device": [
              {
                "delete_on_termination": true,
                "device_name": "/dev/xvda",
                "encrypted": false,
                "iops": 100,
                "kms_key_id": "",
                "tags": {},
                "throughput": 0,
                "volume_id": "vol-0d22c4efd380a0347",
                "volume_size": 8,
                "volume_type": "gp2"
              }
            ],
            "secondary_private_ips": [],
            "security_groups": [],
            "source_dest_check": true,
            "subnet_id": "subnet-0d3b3206aefb31233",
            "tags": {
              "Name": "Aegon-VM"
            },
            "tags_all": {
              "Name": "Aegon-VM"
            },
            "tenancy": "default",
            "timeouts": null,
            "user_data": null,
            "user_data_base64": null,
            "user_data_replace_on_change": false,
            "volume_tags": null,
            "vpc_security_group_ids": [
              "sg-00dcefab2323810fe"
            ]
          },
          "sensitive_attributes": [],
          "private": "eyJlMmJmYjczMC1lY2FhLTExZTYtOGY4OC0zNDM2M2JjN2M0YzAiOnsiY3JlYXRlIjo2MDAwMDAwMDAwMDAsImRlbGV0ZSI6MTIwMDAwMDAwMDAwMCwidXBkYXRlIjo2MDAwMDAwMDAwMDB9LCJzY2hlbWFfdmVyc2lvbiI6IjEifQ==",
          "dependencies": [
            "aws_key_pair.app_ssh",
            "aws_security_group.allow-ssh",
            "aws_subnet.public-1a",
            "aws_vpc.Aurion-VPC",
            "data.http.my_public_ip"
          ]
        }
      ]
    },
    {
      "mode": "managed",
      "type": "aws_internet_gateway",
      "name": "gw",
      "provider": "provider[\"registry.terraform.io/hashicorp/aws\"]",
      "instances": [
        {
          "schema_version": 0,
          "attributes": {
            "arn": "arn:aws:ec2:eu-west-1:869918154786:internet-gateway/igw-0d5f4ddd6f471e124",
            "id": "igw-0d5f4ddd6f471e124",
            "owner_id": "869918154786",
            "tags": {
              "Name": "Aurion-IGW"
            },
            "tags_all": {
              "Name": "Aurion-IGW"
            },
            "timeouts": null,
            "vpc_id": "vpc-03b4808470bc91d93"
          },
          "sensitive_attributes": [],
          "private": "eyJlMmJmYjczMC1lY2FhLTExZTYtOGY4OC0zNDM2M2JjN2M0YzAiOnsiY3JlYXRlIjoxMjAwMDAwMDAwMDAwLCJkZWxldGUiOjEyMDAwMDAwMDAwMDAsInVwZGF0ZSI6MTIwMDAwMDAwMDAwMH19",
          "dependencies": [
            "aws_vpc.Aurion-VPC"
          ]
        }
      ]
    },
    {
      "mode": "managed",
      "type": "aws_key_pair",
      "name": "app_ssh",
      "provider": "provider[\"registry.terraform.io/hashicorp/aws\"]",
      "instances": [
        {
          "schema_version": 1,
          "attributes": {
            "arn": "arn:aws:ec2:eu-west-1:869918154786:key-pair/application-ssh",
            "fingerprint": "d1:ff:49:5a:58:ae:fb:c3:88:c6:20:60:09:83:18:c2",
            "id": "application-ssh",
            "key_name": "application-ssh",
            "key_name_prefix": "",
            "key_pair_id": "key-05838cb3f53a982a5",
            "key_type": "rsa",
            "public_key": "ssh-rsa AAAAB3NzaC1yc2EAAAADAQABAAABgQDRb3LsTl84uRSuzNSx/75xne3szWqgNiYZJoHjD2o28b/tLOMoXqBeOrV2b+jPzRPbUpjML8p4qfp4+t8MRXNHm6vbvQHkhAwo3JMCILLQZxyjlyvnrZ3K72b9bCakarlQ4Bx0cUxQCpoJXPNGewaCPWOqXVxULYUJNiqT3bNRm/HC6ugfdyMEmQKS62y9UZJaGtfdGH8zWmD3MIHc8K2Oj74zK1tJR7uQOWMsubhC+oJWeWp+VJIq9EoSLAJAnKwI0hhkgUxDgOV1Ev9RBQK+s/FSKUOr2Wz+Cd+ZFrC5Wh4So1CY6sd1zojFhmjliaQoK2zbA8WtoAiIPjMjgn9CbzXPIzPKxm6w7g5YTIYJUWTkCZ7aIWmxL8ZINWkhbT1tO6Fiia/zkUAGtytgROO61GAvW0DTEVZNDkmqfy/Si/CN/3Cnrp/CWC5Q7kKGT8dhml/zIAipOCfzl86P7XmrLSXiTOR7a0NSWO9gy+B29ph7yCUN10yz1+cheik3qy0= user@DESKTOP-Q04N1I0",
            "tags": {
              "Name": "application-ssh"
            },
            "tags_all": {
              "Name": "application-ssh"
            }
          },
          "sensitive_attributes": [],
          "private": "eyJzY2hlbWFfdmVyc2lvbiI6IjEifQ=="
        }
      ]
    },
    {
      "mode": "managed",
      "type": "aws_main_route_table_association",
      "name": "main-route",
      "provider": "provider[\"registry.terraform.io/hashicorp/aws\"]",
      "instances": [
        {
          "schema_version": 0,
          "attributes": {
            "id": "rtbassoc-0a2c9a17819124067",
            "original_route_table_id": "rtb-0c72190353c53112e",
            "route_table_id": "rtb-0372ea1ae04b6a1c2",
            "vpc_id": "vpc-03b4808470bc91d93"
          },
          "sensitive_attributes": [],
          "private": "bnVsbA==",
          "dependencies": [
            "aws_internet_gateway.gw",
            "aws_route_table.public-route",
            "aws_vpc.Aurion-VPC"
          ]
        }
      ]
    },
    {
      "mode": "managed",
      "type": "aws_route_table",
      "name": "public-route",
      "provider": "provider[\"registry.terraform.io/hashicorp/aws\"]",
      "instances": [
        {
          "schema_version": 0,
          "attributes": {
            "arn": "arn:aws:ec2:eu-west-1:869918154786:route-table/rtb-0372ea1ae04b6a1c2",
            "id": "rtb-0372ea1ae04b6a1c2",
            "owner_id": "869918154786",
            "propagating_vgws": [],
            "route": [
              {
                "carrier_gateway_id": "",
                "cidr_block": "0.0.0.0/0",
                "core_network_arn": "",
                "destination_prefix_list_id": "",
                "egress_only_gateway_id": "",
                "gateway_id": "igw-0d5f4ddd6f471e124",
                "instance_id": "",
                "ipv6_cidr_block": "",
                "local_gateway_id": "",
                "nat_gateway_id": "",
                "network_interface_id": "",
                "transit_gateway_id": "",
                "vpc_endpoint_id": "",
                "vpc_peering_connection_id": ""
              }
            ],
            "tags": null,
            "tags_all": {},
            "timeouts": null,
            "vpc_id": "vpc-03b4808470bc91d93"
          },
          "sensitive_attributes": [],
          "private": "eyJlMmJmYjczMC1lY2FhLTExZTYtOGY4OC0zNDM2M2JjN2M0YzAiOnsiY3JlYXRlIjozMDAwMDAwMDAwMDAsImRlbGV0ZSI6MzAwMDAwMDAwMDAwLCJ1cGRhdGUiOjEyMDAwMDAwMDAwMH19",
          "dependencies": [
            "aws_internet_gateway.gw",
            "aws_vpc.Aurion-VPC"
          ]
        }
      ]
    },
    {
      "mode": "managed",
      "type": "aws_security_group",
      "name": "allow-ssh",
      "provider": "provider[\"registry.terraform.io/hashicorp/aws\"]",
      "instances": [
        {
          "schema_version": 1,
          "attributes": {
            "arn": "arn:aws:ec2:eu-west-1:869918154786:security-group/sg-00dcefab2323810fe",
            "description": "Allow SSH traffic",
            "egress": [
              {
                "cidr_blocks": [
                  "0.0.0.0/0"
                ],
                "description": "Allow all - outbound",
                "from_port": 0,
                "ipv6_cidr_blocks": [],
                "prefix_list_ids": [],
                "protocol": "tcp",
                "security_groups": [],
                "self": false,
                "to_port": 0
              }
            ],
            "id": "sg-00dcefab2323810fe",
            "ingress": [
              {
                "cidr_blocks": [
                  "77.239.18.216/32"
                ],
                "description": "Allow port 22 - inbound",
                "from_port": 22,
                "ipv6_cidr_blocks": [],
                "prefix_list_ids": [],
                "protocol": "tcp",
                "security_groups": [],
                "self": false,
                "to_port": 22
              }
            ],
            "name": "allow_ssh",
            "name_prefix": "",
            "owner_id": "869918154786",
            "revoke_rules_on_delete": false,
            "tags": null,
            "tags_all": {},
            "timeouts": null,
            "vpc_id": "vpc-03b4808470bc91d93"
          },
          "sensitive_attributes": [],
          "private": "eyJlMmJmYjczMC1lY2FhLTExZTYtOGY4OC0zNDM2M2JjN2M0YzAiOnsiY3JlYXRlIjo2MDAwMDAwMDAwMDAsImRlbGV0ZSI6OTAwMDAwMDAwMDAwfSwic2NoZW1hX3ZlcnNpb24iOiIxIn0=",
          "dependencies": [
            "aws_vpc.Aurion-VPC",
            "data.http.my_public_ip"
          ]
        }
      ]
    },
    {
      "mode": "managed",
      "type": "aws_subnet",
      "name": "private-1a",
      "provider": "provider[\"registry.terraform.io/hashicorp/aws\"]",
      "instances": [
        {
          "schema_version": 1,
          "attributes": {
            "arn": "arn:aws:ec2:eu-west-1:869918154786:subnet/subnet-0eb6785d1a3fc4df3",
            "assign_ipv6_address_on_creation": false,
            "availability_zone": "eu-west-1a",
            "availability_zone_id": "euw1-az1",
            "cidr_block": "10.0.2.0/24",
            "customer_owned_ipv4_pool": "",
            "enable_dns64": false,
            "enable_resource_name_dns_a_record_on_launch": false,
            "enable_resource_name_dns_aaaa_record_on_launch": false,
            "id": "subnet-0eb6785d1a3fc4df3",
            "ipv6_cidr_block": "",
            "ipv6_cidr_block_association_id": "",
            "ipv6_native": false,
            "map_customer_owned_ip_on_launch": false,
            "map_public_ip_on_launch": false,
            "outpost_arn": "",
            "owner_id": "869918154786",
            "private_dns_hostname_type_on_launch": "ip-name",
            "tags": {
              "Name": "Private-1a"
            },
            "tags_all": {
              "Name": "Private-1a"
            },
            "timeouts": null,
            "vpc_id": "vpc-03b4808470bc91d93"
          },
          "sensitive_attributes": [],
          "private": "eyJlMmJmYjczMC1lY2FhLTExZTYtOGY4OC0zNDM2M2JjN2M0YzAiOnsiY3JlYXRlIjo2MDAwMDAwMDAwMDAsImRlbGV0ZSI6MTIwMDAwMDAwMDAwMH0sInNjaGVtYV92ZXJzaW9uIjoiMSJ9",
          "dependencies": [
            "aws_vpc.Aurion-VPC"
          ]
        }
      ]
    },
    {
      "mode": "managed",
      "type": "aws_subnet",
      "name": "public-1a",
      "provider": "provider[\"registry.terraform.io/hashicorp/aws\"]",
      "instances": [
        {
          "schema_version": 1,
          "attributes": {
            "arn": "arn:aws:ec2:eu-west-1:869918154786:subnet/subnet-0d3b3206aefb31233",
            "assign_ipv6_address_on_creation": false,
            "availability_zone": "eu-west-1a",
            "availability_zone_id": "euw1-az1",
            "cidr_block": "10.0.1.0/24",
            "customer_owned_ipv4_pool": "",
            "enable_dns64": false,
            "enable_resource_name_dns_a_record_on_launch": false,
            "enable_resource_name_dns_aaaa_record_on_launch": false,
            "id": "subnet-0d3b3206aefb31233",
            "ipv6_cidr_block": "",
            "ipv6_cidr_block_association_id": "",
            "ipv6_native": false,
            "map_customer_owned_ip_on_launch": false,
            "map_public_ip_on_launch": true,
            "outpost_arn": "",
            "owner_id": "869918154786",
            "private_dns_hostname_type_on_launch": "ip-name",
            "tags": {
              "Name": "Public-1a"
            },
            "tags_all": {
              "Name": "Public-1a"
            },
            "timeouts": null,
            "vpc_id": "vpc-03b4808470bc91d93"
          },
          "sensitive_attributes": [],
          "private": "eyJlMmJmYjczMC1lY2FhLTExZTYtOGY4OC0zNDM2M2JjN2M0YzAiOnsiY3JlYXRlIjo2MDAwMDAwMDAwMDAsImRlbGV0ZSI6MTIwMDAwMDAwMDAwMH0sInNjaGVtYV92ZXJzaW9uIjoiMSJ9",
          "dependencies": [
            "aws_vpc.Aurion-VPC"
          ]
        }
      ]
    },
    {
      "mode": "managed",
      "type": "aws_vpc",
      "name": "Aurion-VPC",
      "provider": "provider[\"registry.terraform.io/hashicorp/aws\"]",
      "instances": [
        {
          "schema_version": 1,
          "attributes": {
            "arn": "arn:aws:ec2:eu-west-1:869918154786:vpc/vpc-03b4808470bc91d93",
            "assign_generated_ipv6_cidr_block": false,
            "cidr_block": "10.0.0.0/16",
            "default_network_acl_id": "acl-07fae5f9c4cf7a81f",
            "default_route_table_id": "rtb-0c72190353c53112e",
            "default_security_group_id": "sg-0e3d1cabccaf6c97c",
            "dhcp_options_id": "dopt-024a9639a31a8a0ef",
            "enable_classiclink": false,
            "enable_classiclink_dns_support": false,
            "enable_dns_hostnames": false,
            "enable_dns_support": true,
            "id": "vpc-03b4808470bc91d93",
            "instance_tenancy": "default",
            "ipv4_ipam_pool_id": null,
            "ipv4_netmask_length": null,
            "ipv6_association_id": "",
            "ipv6_cidr_block": "",
            "ipv6_cidr_block_network_border_group": "",
            "ipv6_ipam_pool_id": "",
            "ipv6_netmask_length": 0,
            "main_route_table_id": "rtb-0c72190353c53112e",
            "owner_id": "869918154786",
            "tags": {
              "Name": "Aurion-VPC"
            },
            "tags_all": {
              "Name": "Aurion-VPC"
            }
          },
          "sensitive_attributes": [],
          "private": "eyJzY2hlbWFfdmVyc2lvbiI6IjEifQ=="
        }
      ]
    }
  ]
}
